
Microsoft Visual Studio Solution File, Format Version 12.00
# Visual Studio Version 17
VisualStudioVersion = 17.8.34511.84
MinimumVisualStudioVersion = 10.0.40219.1
Project("{FAE04EC0-301F-11D3-BF4B-00C04F79EFBC}") = "HospitalManagementSystem", "HospitalManagementSystem\HospitalManagementSystem.csproj", "{C2CAE80E-4A2F-4D1E-8B34-09682AFFEF67}"
EndProject
Global
	GlobalSection(SolutionConfigurationPlatforms) = preSolution
		Debug|Any CPU = Debug|Any CPU
		Release|Any CPU = Release|Any CPU
	EndGlobalSection
	GlobalSection(ProjectConfigurationPlatforms) = postSolution
		{C2CAE80E-4A2F-4D1E-8B34-09682AFFEF67}.Debug|Any CPU.ActiveCfg = Debug|Any CPU
		{C2CAE80E-4A2F-4D1E-8B34-09682AFFEF67}.Debug|Any CPU.Build.0 = Debug|Any CPU
		{C2CAE80E-4A2F-4D1E-8B34-09682AFFEF67}.Release|Any CPU.ActiveCfg = Release|Any CPU
		{C2CAE80E-4A2F-4D1E-8B34-09682AFFEF67}.Release|Any CPU.Build.0 = Release|Any CPU
	EndGlobalSection
	GlobalSection(SolutionProperties) = preSolution
		HideSolutionNode = FALSE
	EndGlobalSection
	GlobalSection(ExtensibilityGlobals) = postSolution
		SolutionGuid = {BC80EC3B-E93C-4C2C-BD2A-9D33BF138FE9}
	EndGlobalSection
EndGlobal
